[[package]]
category = "main"
description = "Highly-optimized, pure-python HTTP server"
name = "cheroot"
optional = false
python-versions = "!=3.0.*,!=3.1.*,!=3.2.*,!=3.3.*,>=2.7"
version = "8.4.5"

[package.dependencies]
"jaraco.functools" = "*"
more-itertools = ">=2.6"
six = ">=1.11.0"

[package.extras]
docs = ["sphinx (>=1.8.2)", "jaraco.packaging (>=3.2)", "sphinx-tabs (>=1.1.0)", "docutils", "alabaster", "python-dateutil", "sphinxcontrib-spelling (>=5.2.0)"]
testing = ["pytest (>=4.6.6)", "pytest-mock (>=1.11.0)", "pytest-sugar (>=0.9.3)", "pytest-testmon (<1.0.0)", "pytest-watch (4.2.0)", "pytest-xdist (>=1.28.0)", "jaraco.text (>=3.1)", "codecov (2.0.22)", "trustme (>=0.4.0)", "pyopenssl", "requests-unixsocket", "portend", "requests-toolbelt", "jaraco.context", "coverage (5.1)", "pytest-cov (2.10.1)", "urllib3 (>=1.25)", "futures", "coverage (<5)", "pytest-cov (2.8.1)", "urllib3 (<1.25)", "colorama (!=0.4.2)", "pytest-forked (>=1.2.0)", "pytest-forked (>=1.1.3)"]

[[package]]
category = "main"
description = "Functools like those found in stdlib"
name = "jaraco.functools"
optional = false
python-versions = ">=3.6"
version = "3.0.1"

[package.dependencies]
more-itertools = "*"

[package.extras]
docs = ["sphinx", "jaraco.packaging (>=3.2)", "rst.linker (>=1.9)"]
testing = ["pytest (>=3.5,<3.7.3 || >3.7.3)", "pytest-checkdocs (>=1.2.3)", "pytest-flake8", "pytest-black (>=0.3.7)", "pytest-cov", "jaraco.classes"]

[[package]]
category = "main"
description = "More routines for operating on iterables, beyond itertools"
name = "more-itertools"
optional = false
python-versions = ">=3.5"
version = "8.5.0"

[[package]]
category = "main"
description = "Python 2 and 3 compatibility utilities"
name = "six"
optional = false
python-versions = ">=2.7, !=3.0.*, !=3.1.*, !=3.2.*"
version = "1.15.0"

[[package]]
category = "main"
description = "web.py: makes web apps"
name = "web.py"
optional = false
python-versions = ">=3.5"
version = "0.61"

[package.dependencies]
cheroot = "*"

[metadata]
content-hash = "8b683d215a9480ed602521fec0fb9ed85d54100052f7db083761ddfcbe25c29a"
python-versions = "^3.8"

[metadata.files]
cheroot = [
    {file = "cheroot-8.4.5-py2.py3-none-any.whl", hash = "sha256:ab342666c8e565a55cd2baf2648be9b379269a89d47e60862a087cff9d8b33ce"},
    {file = "cheroot-8.4.5.tar.gz", hash = "sha256:b6c18caf5f79cdae668c35fc8309fc88ea4a964cce9e2ca8504fab13bcf57301"},
]
"jaraco.functools" = [
    {file = "jaraco.functools-3.0.1-py3-none-any.whl", hash = "sha256:d3dc9f6c1a1d45d7f59682a3bf77aceb685c1a60891606c7e4161e72ecc399ad"},
    {file = "jaraco.functools-3.0.1.tar.gz", hash = "sha256:9fedc4be3117512ca3e03e1b2ffa7a6a6ffa589bfb7d02bfb324e55d493b94f4"},
]
more-itertools = [
    {file = "more-itertools-8.5.0.tar.gz", hash = "sha256:6f83822ae94818eae2612063a5101a7311e68ae8002005b5e05f03fd74a86a20"},
    {file = "more_itertools-8.5.0-py3-none-any.whl", hash = "sha256:9b30f12df9393f0d28af9210ff8efe48d10c94f73e5daf886f10c4b0b0b4f03c"},
]
six = [
    {file = "six-1.15.0-py2.py3-none-any.whl", hash = "sha256:8b74bedcbbbaca38ff6d7491d76f2b06b3592611af620f8426e82dddb04a5ced"},
    {file = "six-1.15.0.tar.gz", hash = "sha256:30639c035cdb23534cd4aa2dd52c3bf48f06e5f4a941509c8bafd8ce11080259"},
]
"web.py" = [
    {file = "web.py-0.61-py3-none-any.whl", hash = "sha256:d92d5412a43031c3394fe4ad569ef91678a468311d7b2fad6e19b6ef54836f89"},
    {file = "web.py-0.61.tar.gz", hash = "sha256:c7a9081aeb086cd3e703c7553a47ee75188d1d325f25eec7654d9bb00b5eccbb"},
]
